# This file is autogenerated, do not edit; changes may be undone by the next 'dep ensure'.


[[projects]]
  digest = "1:9f35366f9320824eab04f789b106ffe305ad4c44b1c3448631696990086704e5"
  name = "github.com/aws/aws-lambda-go"
  packages = [
    "events",
    "lambda",
    "lambda/handlertrace",
    "lambda/messages",
    "lambdacontext",
  ]
  pruneopts = "UT"
  revision = "b03d958110de656174675d8f88049be607e57b0f"
  version = "v1.14.0"

[[projects]]
  digest = "1:c4c782ef0de59b509ae5b68ce9e6b2ef39a13b638d17cc6a2ce5a47db5f4d463"
  name = "github.com/moesif/moesif-aws-lambda-go"
  packages = ["."]
  pruneopts = "UT"
  revision = "022a26dc4d00a1ef6c06e7b41cd72bc7249a543a"
  version = "v1.0.3"

[[projects]]
  digest = "1:9f870f2e8d1ed5690703df16c9608516dba226ecb5c808d58a0db46a6a7b5059"
  name = "github.com/moesif/moesifapi-go"
  packages = [
    ".",
    "models",
  ]
  pruneopts = "UT"
  revision = "5707e881a41db7abb0a0095bba9b3c2ce1faf701"
  version = "v1.0.3"

[[projects]]
  branch = "master"
  digest = "1:f8b491a7c25030a895a0e579742d07136e6958e77ef2d46e769db8eec4e58fcd"
  name = "golang.org/x/net"
  packages = [
    "context",
    "context/ctxhttp",
  ]
  pruneopts = "UT"
  revision = "16171245cfb220d5317888b716d69c1fb4e7992b"

[solve-meta]
  analyzer-name = "dep"
  analyzer-version = 1
  input-imports = [
    "github.com/aws/aws-lambda-go/events",
    "github.com/aws/aws-lambda-go/lambda",
    "github.com/moesif/moesif-aws-lambda-go",
    "github.com/moesif/moesifapi-go/models",
  ]
  solver-name = "gps-cdcl"
  solver-version = 1
