# This file is autogenerated, do not edit; changes may be undone by the next 'dep ensure'.


[[projects]]
  digest = "1:c8bc6cc8a13405a9ebfdc76a4279d52ff3e13dd4f73766b7a1ff6b45aa609fc3"
  name = "github.com/aws/aws-lambda-go"
  packages = [
    "events",
    "lambda",
    "lambda/handlertrace",
    "lambda/messages",
    "lambdacontext",
  ]
  pruneopts = "UT"
  revision = "b5b7267d297de263cc5b61f8c37543daa9c95ffd"
  version = "v1.13.3"

[[projects]]
  digest = "1:7d75978be853c0f9b1e1a640e6fb3e96011f3a756db552baef1534de4b50c61e"
  name = "github.com/moesif/moesif-aws-lambda-go"
  packages = ["."]
  pruneopts = "UT"
  revision = "a80ba7eb1ebd7fedd94b8147d675305f106fe623"
  version = "v1.0.1"

[[projects]]
  digest = "1:9f870f2e8d1ed5690703df16c9608516dba226ecb5c808d58a0db46a6a7b5059"
  name = "github.com/moesif/moesifapi-go"
  packages = [
    ".",
    "models",
  ]
  pruneopts = "UT"
  revision = "5707e881a41db7abb0a0095bba9b3c2ce1faf701"
  version = "v1.0.3"

[[projects]]
  branch = "master"
  digest = "1:f8b491a7c25030a895a0e579742d07136e6958e77ef2d46e769db8eec4e58fcd"
  name = "golang.org/x/net"
  packages = [
    "context",
    "context/ctxhttp",
  ]
  pruneopts = "UT"
  revision = "16171245cfb220d5317888b716d69c1fb4e7992b"

[solve-meta]
  analyzer-name = "dep"
  analyzer-version = 1
  input-imports = [
    "github.com/aws/aws-lambda-go/events",
    "github.com/aws/aws-lambda-go/lambda",
    "github.com/moesif/moesif-aws-lambda-go",
    "github.com/moesif/moesifapi-go/models",
  ]
  solver-name = "gps-cdcl"
  solver-version = 1
